
Microsoft Visual Studio Solution File, Format Version 12.00
# Visual Studio Version 17
VisualStudioVersion = 17.2.32616.157
MinimumVisualStudioVersion = 10.0.40219.1
Project("{9A19103F-16F7-4668-BE54-9A1E7A4F7556}") = "Custodian", "Custodian\Custodian.csproj", "{1A5E8AD3-1223-4179-B7F0-16562149CF27}"
EndProject
Project("{FAE04EC0-301F-11D3-BF4B-00C04F79EFBC}") = "Custodian.Shared", "Custodian.Shared\Custodian.Shared.csproj", "{3DDE6596-52E1-4AAD-8482-B2A0F35160EA}"
EndProject
Project("{FAE04EC0-301F-11D3-BF4B-00C04F79EFBC}") = "Custodian.DirectMessage", "Custodian.DirectMessage\Custodian.DirectMessage.csproj", "{F2B7F19A-9CFD-4D19-9AB6-B9433529152D}"
EndProject
Global
	GlobalSection(SolutionConfigurationPlatforms) = preSolution
		Debug|Any CPU = Debug|Any CPU
		Release|Any CPU = Release|Any CPU
	EndGlobalSection
	GlobalSection(ProjectConfigurationPlatforms) = postSolution
		{1A5E8AD3-1223-4179-B7F0-16562149CF27}.Debug|Any CPU.ActiveCfg = Debug|Any CPU
		{1A5E8AD3-1223-4179-B7F0-16562149CF27}.Debug|Any CPU.Build.0 = Debug|Any CPU
		{1A5E8AD3-1223-4179-B7F0-16562149CF27}.Release|Any CPU.ActiveCfg = Release|Any CPU
		{1A5E8AD3-1223-4179-B7F0-16562149CF27}.Release|Any CPU.Build.0 = Release|Any CPU
		{3DDE6596-52E1-4AAD-8482-B2A0F35160EA}.Debug|Any CPU.ActiveCfg = Debug|Any CPU
		{3DDE6596-52E1-4AAD-8482-B2A0F35160EA}.Debug|Any CPU.Build.0 = Debug|Any CPU
		{3DDE6596-52E1-4AAD-8482-B2A0F35160EA}.Release|Any CPU.ActiveCfg = Release|Any CPU
		{3DDE6596-52E1-4AAD-8482-B2A0F35160EA}.Release|Any CPU.Build.0 = Release|Any CPU
		{F2B7F19A-9CFD-4D19-9AB6-B9433529152D}.Debug|Any CPU.ActiveCfg = Debug|Any CPU
		{F2B7F19A-9CFD-4D19-9AB6-B9433529152D}.Debug|Any CPU.Build.0 = Debug|Any CPU
		{F2B7F19A-9CFD-4D19-9AB6-B9433529152D}.Release|Any CPU.ActiveCfg = Release|Any CPU
		{F2B7F19A-9CFD-4D19-9AB6-B9433529152D}.Release|Any CPU.Build.0 = Release|Any CPU
	EndGlobalSection
	GlobalSection(SolutionProperties) = preSolution
		HideSolutionNode = FALSE
	EndGlobalSection
	GlobalSection(ExtensibilityGlobals) = postSolution
		SolutionGuid = {F1F35C67-F101-448C-B7AA-2EE6196B6B86}
	EndGlobalSection
EndGlobal
